{
  "name": "blear",
  "version": "1.0.0",
  "dependencies": {
    "accepts": {
      "version": "1.3.3"
    },
    "append-field": {
      "version": "0.1.0"
    },
    "argparse": {
      "version": "1.0.9"
    },
    "array-flatten": {
      "version": "1.1.1"
    },
    "async": {
      "version": "2.1.4",
      "dependencies": {
        "lodash": {
          "version": "4.17.4"
        }
      }
    },
    "balanced-match": {
      "version": "0.4.2"
    },
    "base64-url": {
      "version": "1.3.3"
    },
    "blear.classes.class": {
      "version": "1.1.4"
    },
    "blear.classes.events": {
      "version": "1.0.6"
    },
    "blear.classes.markdown": {
      "version": "1.1.0"
    },
    "blear.classes.safe-markdown": {
      "version": "1.0.10"
    },
    "blear.classes.template": {
      "version": "1.0.33"
    },
    "blear.express.res-api": {
      "version": "1.1.2"
    },
    "blear.node.console": {
      "version": "1.0.7"
    },
    "blear.node.debug": {
      "version": "1.0.4"
    },
    "blear.node.http-status": {
      "version": "1.0.0"
    },
    "blear.node.log": {
      "version": "1.0.9",
      "dependencies": {
        "fs-extra": {
          "version": "0.30.0"
        }
      }
    },
    "blear.node.mime": {
      "version": "1.0.1"
    },
    "blear.node.path": {
      "version": "1.0.8"
    },
    "blear.node.request": {
      "version": "1.0.3"
    },
    "blear.node.system": {
      "version": "1.0.5"
    },
    "blear.node.template": {
      "version": "1.0.18"
    },
    "blear.polyfills.date": {
      "version": "1.0.3"
    },
    "blear.polyfills.time": {
      "version": "1.0.3"
    },
    "blear.utils.access": {
      "version": "1.0.3"
    },
    "blear.utils.array": {
      "version": "1.0.12"
    },
    "blear.utils.collection": {
      "version": "1.0.4"
    },
    "blear.utils.date": {
      "version": "1.0.7"
    },
    "blear.utils.debug": {
      "version": "1.0.2"
    },
    "blear.utils.function": {
      "version": "1.0.4"
    },
    "blear.utils.howdo": {
      "version": "1.0.3"
    },
    "blear.utils.json": {
      "version": "1.0.4"
    },
    "blear.utils.number": {
      "version": "1.0.2"
    },
    "blear.utils.object": {
      "version": "1.0.11"
    },
    "blear.utils.path": {
      "version": "1.0.6"
    },
    "blear.utils.plan": {
      "version": "2.0.0"
    },
    "blear.utils.querystring": {
      "version": "1.0.4"
    },
    "blear.utils.random": {
      "version": "1.0.2"
    },
    "blear.utils.string": {
      "version": "1.0.7"
    },
    "blear.utils.time": {
      "version": "1.0.4"
    },
    "blear.utils.typeis": {
      "version": "1.0.3"
    },
    "blear.utils.uri": {
      "version": "1.0.1"
    },
    "blear.utils.url": {
      "version": "1.0.16"
    },
    "body-parser": {
      "version": "1.15.2"
    },
    "brace-expansion": {
      "version": "1.1.6"
    },
    "buffer-shims": {
      "version": "1.0.0"
    },
    "busboy": {
      "version": "0.2.13"
    },
    "bytes": {
      "version": "2.4.0"
    },
    "combined-stream": {
      "version": "1.0.5"
    },
    "commander": {
      "version": "2.9.0"
    },
    "concat-map": {
      "version": "0.0.1"
    },
    "concat-stream": {
      "version": "1.6.0",
      "dependencies": {
        "isarray": {
          "version": "1.0.0"
        },
        "readable-stream": {
          "version": "2.2.2"
        }
      }
    },
    "content-disposition": {
      "version": "0.5.1"
    },
    "content-type": {
      "version": "1.0.2"
    },
    "cookie": {
      "version": "0.3.1"
    },
    "cookie-parser": {
      "version": "1.4.3"
    },
    "cookie-signature": {
      "version": "1.0.6"
    },
    "core-util-is": {
      "version": "1.0.2"
    },
    "crc": {
      "version": "3.4.1"
    },
    "cssfilter": {
      "version": "0.0.9"
    },
    "debug": {
      "version": "2.2.0"
    },
    "delayed-stream": {
      "version": "1.0.0"
    },
    "depd": {
      "version": "1.1.0"
    },
    "destroy": {
      "version": "1.0.4"
    },
    "dicer": {
      "version": "0.2.5"
    },
    "dox": {
      "version": "0.9.0"
    },
    "ee-first": {
      "version": "1.1.1"
    },
    "encodeurl": {
      "version": "1.0.1"
    },
    "entities": {
      "version": "1.1.1"
    },
    "escape-html": {
      "version": "1.0.3"
    },
    "etag": {
      "version": "1.7.0"
    },
    "express": {
      "version": "4.14.0"
    },
    "express-session": {
      "version": "1.14.2"
    },
    "finalhandler": {
      "version": "0.5.0"
    },
    "form-data": {
      "version": "1.0.1"
    },
    "forwarded": {
      "version": "0.1.0"
    },
    "fresh": {
      "version": "0.3.0"
    },
    "fs-extra": {
      "version": "1.0.0"
    },
    "fs.realpath": {
      "version": "1.0.0"
    },
    "glob": {
      "version": "7.1.1"
    },
    "graceful-fs": {
      "version": "4.1.11"
    },
    "graceful-readlink": {
      "version": "1.0.1"
    },
    "http-errors": {
      "version": "1.5.1"
    },
    "iconv-lite": {
      "version": "0.4.13"
    },
    "inflight": {
      "version": "1.0.6"
    },
    "inherits": {
      "version": "2.0.3"
    },
    "ipaddr.js": {
      "version": "1.1.1"
    },
    "isarray": {
      "version": "0.0.1"
    },
    "jsdoctypeparser": {
      "version": "1.2.0"
    },
    "jsonfile": {
      "version": "2.4.0"
    },
    "klaw": {
      "version": "1.3.1"
    },
    "later": {
      "version": "1.2.0"
    },
    "linkify-it": {
      "version": "2.0.3"
    },
    "lodash": {
      "version": "3.10.1"
    },
    "markdown-it": {
      "version": "7.0.1"
    },
    "mdurl": {
      "version": "1.0.1"
    },
    "media-typer": {
      "version": "0.3.0"
    },
    "merge-descriptors": {
      "version": "1.0.1"
    },
    "methods": {
      "version": "1.1.2"
    },
    "mime": {
      "version": "1.3.4"
    },
    "mime-db": {
      "version": "1.25.0"
    },
    "mime-types": {
      "version": "2.1.13"
    },
    "minimatch": {
      "version": "3.0.3"
    },
    "minimist": {
      "version": "0.0.8"
    },
    "mkdirp": {
      "version": "0.5.1"
    },
    "ms": {
      "version": "0.7.1"
    },
    "multer": {
      "version": "1.2.1"
    },
    "negotiator": {
      "version": "0.6.1"
    },
    "object-assign": {
      "version": "3.0.0"
    },
    "on-finished": {
      "version": "2.3.0"
    },
    "on-headers": {
      "version": "1.0.1"
    },
    "once": {
      "version": "1.4.0"
    },
    "parseurl": {
      "version": "1.3.1"
    },
    "path-is-absolute": {
      "version": "1.0.1"
    },
    "path-to-regexp": {
      "version": "0.1.7"
    },
    "process-nextick-args": {
      "version": "1.0.7"
    },
    "proxy-addr": {
      "version": "1.1.2"
    },
    "qs": {
      "version": "6.2.0"
    },
    "random-bytes": {
      "version": "1.0.0"
    },
    "range-parser": {
      "version": "1.2.0"
    },
    "raw-body": {
      "version": "2.1.7"
    },
    "readable-stream": {
      "version": "1.1.14"
    },
    "rimraf": {
      "version": "2.5.4"
    },
    "send": {
      "version": "0.14.1"
    },
    "serve-static": {
      "version": "1.11.1"
    },
    "setprototypeof": {
      "version": "1.0.2"
    },
    "sprintf-js": {
      "version": "1.0.3"
    },
    "statuses": {
      "version": "1.3.1"
    },
    "streamsearch": {
      "version": "0.1.2"
    },
    "string_decoder": {
      "version": "0.10.31"
    },
    "supervisor": {
      "version": "0.12.0",
      "dev": true
    },
    "type-is": {
      "version": "1.6.14"
    },
    "typedarray": {
      "version": "0.0.6"
    },
    "uc.micro": {
      "version": "1.0.3"
    },
    "uid-safe": {
      "version": "2.1.3"
    },
    "unpipe": {
      "version": "1.0.0"
    },
    "util-deprecate": {
      "version": "1.0.2"
    },
    "utils-merge": {
      "version": "1.0.0"
    },
    "vary": {
      "version": "1.1.0"
    },
    "wrappy": {
      "version": "1.0.2"
    },
    "xss": {
      "version": "0.3.3"
    },
    "xtend": {
      "version": "4.0.1"
    },
    "xxx": {
      "version": "0.0.1"
    }
  }
}
