# THIS IS AN AUTOGENERATED FILE. DO NOT EDIT THIS FILE DIRECTLY.
# yarn lockfile v1


blear.css.function@^1.0.2:
  version "1.0.2"
  resolved "http://registry.npm.taobao.org/blear.css.function/download/blear.css.function-1.0.2.tgz#b8d5286eb28c0356d90b6807a6ea442f00c44a85"

blear.css.reset@1.0.9:
  version "1.0.9"
  resolved "http://registry.npm.taobao.org/blear.css.reset/download/blear.css.reset-1.0.9.tgz#3cd5f5ae69f2fd3d0a7b255c8810f677aae6f290"

coolie.js@2.1.6:
  version "2.1.6"
  resolved "http://registry.npm.taobao.org/coolie.js/download/coolie.js-2.1.6.tgz#a26f9dee994725de229a5e0c841178d6aa5781ab"
